
Microsoft Visual Studio Solution File, Format Version 12.00
# Visual Studio Version 16
VisualStudioVersion = 16.0.29503.13
MinimumVisualStudioVersion = 10.0.40219.1
Project("{FAE04EC0-301F-11D3-BF4B-00C04F79EFBC}") = "math", "math\math.csproj", "{A3B8ACE3-EFCE-4ECE-97AD-3683D23443CE}"
EndProject
Global
	GlobalSection(SolutionConfigurationPlatforms) = preSolution
		Debug|Any CPU = Debug|Any CPU
		Release|Any CPU = Release|Any CPU
	EndGlobalSection
	GlobalSection(ProjectConfigurationPlatforms) = postSolution
		{A3B8ACE3-EFCE-4ECE-97AD-3683D23443CE}.Debug|Any CPU.ActiveCfg = Debug|Any CPU
		{A3B8ACE3-EFCE-4ECE-97AD-3683D23443CE}.Debug|Any CPU.Build.0 = Debug|Any CPU
		{A3B8ACE3-EFCE-4ECE-97AD-3683D23443CE}.Release|Any CPU.ActiveCfg = Release|Any CPU
		{A3B8ACE3-EFCE-4ECE-97AD-3683D23443CE}.Release|Any CPU.Build.0 = Release|Any CPU
	EndGlobalSection
	GlobalSection(SolutionProperties) = preSolution
		HideSolutionNode = FALSE
	EndGlobalSection
	GlobalSection(ExtensibilityGlobals) = postSolution
		SolutionGuid = {B65814F2-ECA1-46C6-BD36-C43B2D7D5C07}
	EndGlobalSection
EndGlobal
